
Microsoft Visual Studio Solution File, Format Version 12.00
# Visual Studio Version 16
VisualStudioVersion = 16.0.31702.278
MinimumVisualStudioVersion = 10.0.40219.1
Project("{FAE04EC0-301F-11D3-BF4B-00C04F79EFBC}") = "TP03.Android", "TP03\TP03.Android\TP03.Android.csproj", "{B362143B-F9AB-405B-A869-E06D0E11B37C}"
EndProject
Project("{FAE04EC0-301F-11D3-BF4B-00C04F79EFBC}") = "TP03", "TP03\TP03\TP03.csproj", "{7EFED109-FEB4-4EDC-AD28-CC892D8F495C}"
EndProject
Global
	GlobalSection(SolutionConfigurationPlatforms) = preSolution
		Debug|Any CPU = Debug|Any CPU
		Release|Any CPU = Release|Any CPU
	EndGlobalSection
	GlobalSection(ProjectConfigurationPlatforms) = postSolution
		{B362143B-F9AB-405B-A869-E06D0E11B37C}.Debug|Any CPU.ActiveCfg = Debug|Any CPU
		{B362143B-F9AB-405B-A869-E06D0E11B37C}.Debug|Any CPU.Build.0 = Debug|Any CPU
		{B362143B-F9AB-405B-A869-E06D0E11B37C}.Debug|Any CPU.Deploy.0 = Debug|Any CPU
		{B362143B-F9AB-405B-A869-E06D0E11B37C}.Release|Any CPU.ActiveCfg = Release|Any CPU
		{B362143B-F9AB-405B-A869-E06D0E11B37C}.Release|Any CPU.Build.0 = Release|Any CPU
		{B362143B-F9AB-405B-A869-E06D0E11B37C}.Release|Any CPU.Deploy.0 = Release|Any CPU
		{7EFED109-FEB4-4EDC-AD28-CC892D8F495C}.Debug|Any CPU.ActiveCfg = Debug|Any CPU
		{7EFED109-FEB4-4EDC-AD28-CC892D8F495C}.Debug|Any CPU.Build.0 = Debug|Any CPU
		{7EFED109-FEB4-4EDC-AD28-CC892D8F495C}.Debug|Any CPU.Deploy.0 = Debug|Any CPU
		{7EFED109-FEB4-4EDC-AD28-CC892D8F495C}.Release|Any CPU.ActiveCfg = Release|Any CPU
		{7EFED109-FEB4-4EDC-AD28-CC892D8F495C}.Release|Any CPU.Build.0 = Release|Any CPU
		{7EFED109-FEB4-4EDC-AD28-CC892D8F495C}.Release|Any CPU.Deploy.0 = Release|Any CPU
	EndGlobalSection
	GlobalSection(SolutionProperties) = preSolution
		HideSolutionNode = FALSE
	EndGlobalSection
	GlobalSection(ExtensibilityGlobals) = postSolution
		SolutionGuid = {8A3CA924-845B-4AB5-A3E4-09E08188D0C6}
	EndGlobalSection
EndGlobal
