
Microsoft Visual Studio Solution File, Format Version 12.00
# Visual Studio Version 16
VisualStudioVersion = 16.0.31702.278
MinimumVisualStudioVersion = 10.0.40219.1
Project("{FAE04EC0-301F-11D3-BF4B-00C04F79EFBC}") = "TPFinal.Android", "TPFinal\TPFinal.Android\TPFinal.Android.csproj", "{CD0BFE37-304F-4AAB-B5FF-CF9B277D602B}"
EndProject
Project("{FAE04EC0-301F-11D3-BF4B-00C04F79EFBC}") = "TPFinal", "TPFinal\TPFinal\TPFinal.csproj", "{94D75B63-F531-46C3-90E9-FE2114B3E9B1}"
EndProject
Global
	GlobalSection(SolutionConfigurationPlatforms) = preSolution
		Debug|Any CPU = Debug|Any CPU
		Release|Any CPU = Release|Any CPU
	EndGlobalSection
	GlobalSection(ProjectConfigurationPlatforms) = postSolution
		{CD0BFE37-304F-4AAB-B5FF-CF9B277D602B}.Debug|Any CPU.ActiveCfg = Debug|Any CPU
		{CD0BFE37-304F-4AAB-B5FF-CF9B277D602B}.Debug|Any CPU.Build.0 = Debug|Any CPU
		{CD0BFE37-304F-4AAB-B5FF-CF9B277D602B}.Debug|Any CPU.Deploy.0 = Debug|Any CPU
		{CD0BFE37-304F-4AAB-B5FF-CF9B277D602B}.Release|Any CPU.ActiveCfg = Release|Any CPU
		{CD0BFE37-304F-4AAB-B5FF-CF9B277D602B}.Release|Any CPU.Build.0 = Release|Any CPU
		{CD0BFE37-304F-4AAB-B5FF-CF9B277D602B}.Release|Any CPU.Deploy.0 = Release|Any CPU
		{94D75B63-F531-46C3-90E9-FE2114B3E9B1}.Debug|Any CPU.ActiveCfg = Debug|Any CPU
		{94D75B63-F531-46C3-90E9-FE2114B3E9B1}.Debug|Any CPU.Build.0 = Debug|Any CPU
		{94D75B63-F531-46C3-90E9-FE2114B3E9B1}.Debug|Any CPU.Deploy.0 = Debug|Any CPU
		{94D75B63-F531-46C3-90E9-FE2114B3E9B1}.Release|Any CPU.ActiveCfg = Release|Any CPU
		{94D75B63-F531-46C3-90E9-FE2114B3E9B1}.Release|Any CPU.Build.0 = Release|Any CPU
		{94D75B63-F531-46C3-90E9-FE2114B3E9B1}.Release|Any CPU.Deploy.0 = Release|Any CPU
	EndGlobalSection
	GlobalSection(SolutionProperties) = preSolution
		HideSolutionNode = FALSE
	EndGlobalSection
	GlobalSection(ExtensibilityGlobals) = postSolution
		SolutionGuid = {E8CD8AA2-C317-412C-A572-4024909B5C98}
	EndGlobalSection
EndGlobal
