
Microsoft Visual Studio Solution File, Format Version 12.00
# Visual Studio Version 16
VisualStudioVersion = 16.0.31702.278
MinimumVisualStudioVersion = 10.0.40219.1
Project("{FAE04EC0-301F-11D3-BF4B-00C04F79EFBC}") = "TP02.Android", "TP02\TP02.Android\TP02.Android.csproj", "{A457C482-E16D-48CE-8E92-79DEE71F2E6F}"
EndProject
Project("{FAE04EC0-301F-11D3-BF4B-00C04F79EFBC}") = "TP02", "TP02\TP02\TP02.csproj", "{DFE2BE29-53C5-46D4-AB4B-925774203530}"
EndProject
Global
	GlobalSection(SolutionConfigurationPlatforms) = preSolution
		Debug|Any CPU = Debug|Any CPU
		Release|Any CPU = Release|Any CPU
	EndGlobalSection
	GlobalSection(ProjectConfigurationPlatforms) = postSolution
		{A457C482-E16D-48CE-8E92-79DEE71F2E6F}.Debug|Any CPU.ActiveCfg = Debug|Any CPU
		{A457C482-E16D-48CE-8E92-79DEE71F2E6F}.Debug|Any CPU.Build.0 = Debug|Any CPU
		{A457C482-E16D-48CE-8E92-79DEE71F2E6F}.Debug|Any CPU.Deploy.0 = Debug|Any CPU
		{A457C482-E16D-48CE-8E92-79DEE71F2E6F}.Release|Any CPU.ActiveCfg = Release|Any CPU
		{A457C482-E16D-48CE-8E92-79DEE71F2E6F}.Release|Any CPU.Build.0 = Release|Any CPU
		{A457C482-E16D-48CE-8E92-79DEE71F2E6F}.Release|Any CPU.Deploy.0 = Release|Any CPU
		{DFE2BE29-53C5-46D4-AB4B-925774203530}.Debug|Any CPU.ActiveCfg = Debug|Any CPU
		{DFE2BE29-53C5-46D4-AB4B-925774203530}.Debug|Any CPU.Build.0 = Debug|Any CPU
		{DFE2BE29-53C5-46D4-AB4B-925774203530}.Debug|Any CPU.Deploy.0 = Debug|Any CPU
		{DFE2BE29-53C5-46D4-AB4B-925774203530}.Release|Any CPU.ActiveCfg = Release|Any CPU
		{DFE2BE29-53C5-46D4-AB4B-925774203530}.Release|Any CPU.Build.0 = Release|Any CPU
		{DFE2BE29-53C5-46D4-AB4B-925774203530}.Release|Any CPU.Deploy.0 = Release|Any CPU
	EndGlobalSection
	GlobalSection(SolutionProperties) = preSolution
		HideSolutionNode = FALSE
	EndGlobalSection
	GlobalSection(ExtensibilityGlobals) = postSolution
		SolutionGuid = {97762E4F-8F7B-43C5-9CCD-6AF99F1463D8}
	EndGlobalSection
EndGlobal
